
Microsoft Visual Studio Solution File, Format Version 12.00
# Visual Studio 14
VisualStudioVersion = 14.0.24720.0
MinimumVisualStudioVersion = 10.0.40219.1
Project("{FAE04EC0-301F-11D3-BF4B-00C04F79EFBC}") = "HotelManager.Core", "HotelManager.Core\HotelManager.Core.csproj", "{D4EC1CD6-17A6-4225-AC4B-98E69AFA443B}"
EndProject
Project("{FAE04EC0-301F-11D3-BF4B-00C04F79EFBC}") = "HotelManager.Data", "HotelManager.Data\HotelManager.Data.csproj", "{F5AA1300-B24A-407A-B968-0478DCB7828E}"
EndProject
Project("{FAE04EC0-301F-11D3-BF4B-00C04F79EFBC}") = "HotelManager.API", "HotelManager.API\HotelManager.API.csproj", "{4D94855A-F74B-4564-9E97-5EFDEAAAB871}"
EndProject
Global
	GlobalSection(SolutionConfigurationPlatforms) = preSolution
		Debug|Any CPU = Debug|Any CPU
		Release|Any CPU = Release|Any CPU
	EndGlobalSection
	GlobalSection(ProjectConfigurationPlatforms) = postSolution
		{D4EC1CD6-17A6-4225-AC4B-98E69AFA443B}.Debug|Any CPU.ActiveCfg = Debug|Any CPU
		{D4EC1CD6-17A6-4225-AC4B-98E69AFA443B}.Debug|Any CPU.Build.0 = Debug|Any CPU
		{D4EC1CD6-17A6-4225-AC4B-98E69AFA443B}.Release|Any CPU.ActiveCfg = Release|Any CPU
		{D4EC1CD6-17A6-4225-AC4B-98E69AFA443B}.Release|Any CPU.Build.0 = Release|Any CPU
		{F5AA1300-B24A-407A-B968-0478DCB7828E}.Debug|Any CPU.ActiveCfg = Debug|Any CPU
		{F5AA1300-B24A-407A-B968-0478DCB7828E}.Debug|Any CPU.Build.0 = Debug|Any CPU
		{F5AA1300-B24A-407A-B968-0478DCB7828E}.Release|Any CPU.ActiveCfg = Release|Any CPU
		{F5AA1300-B24A-407A-B968-0478DCB7828E}.Release|Any CPU.Build.0 = Release|Any CPU
		{4D94855A-F74B-4564-9E97-5EFDEAAAB871}.Debug|Any CPU.ActiveCfg = Debug|Any CPU
		{4D94855A-F74B-4564-9E97-5EFDEAAAB871}.Debug|Any CPU.Build.0 = Debug|Any CPU
		{4D94855A-F74B-4564-9E97-5EFDEAAAB871}.Release|Any CPU.ActiveCfg = Release|Any CPU
		{4D94855A-F74B-4564-9E97-5EFDEAAAB871}.Release|Any CPU.Build.0 = Release|Any CPU
	EndGlobalSection
	GlobalSection(SolutionProperties) = preSolution
		HideSolutionNode = FALSE
	EndGlobalSection
EndGlobal
